
Microsoft Visual Studio Solution File, Format Version 12.00
# Visual Studio Version 17
VisualStudioVersion = 17.6.33829.357
MinimumVisualStudioVersion = 10.0.40219.1
Project("{2150E333-8FDC-42A3-9474-1A3956D46DE8}") = "Easy", "Easy", "{F6FD38F7-DB63-44B5-9C2B-3B975F4FA7CD}"
EndProject
Project("{9A19103F-16F7-4668-BE54-9A1E7A4F7556}") = "Argentina", "Argentina\Argentina.csproj", "{36B50128-6C5A-4B3F-97DB-87809D9619AD}"
EndProject
Project("{9A19103F-16F7-4668-BE54-9A1E7A4F7556}") = "Balconies", "Balconies\Balconies.csproj", "{2673182C-F1E6-4A8D-9BDD-4C7987E09871}"
EndProject
Project("{9A19103F-16F7-4668-BE54-9A1E7A4F7556}") = "Popsicles", "Popsicles\Popsicles.csproj", "{AA7088C0-F0EA-4AF1-BBA0-474067015073}"
EndProject
Project("{9A19103F-16F7-4668-BE54-9A1E7A4F7556}") = "Neverland", "Neverland\Neverland.csproj", "{03B5A5A7-9EB7-48F4-A31F-972B22E84B43}"
EndProject
Project("{9A19103F-16F7-4668-BE54-9A1E7A4F7556}") = "Multiples", "Multiples\Multiples.csproj", "{E7ED1D10-AF28-4DF4-B41D-7E09A0BFA3DF}"
EndProject
Project("{9A19103F-16F7-4668-BE54-9A1E7A4F7556}") = "JungleCamping", "JungleCamping\JungleCamping.csproj", "{D3005F66-B369-4B1D-9FA6-2E9404911B54}"
EndProject
Project("{9A19103F-16F7-4668-BE54-9A1E7A4F7556}") = "IzzyTheIguana", "IzzyTheIguana\IzzyTheIguana.csproj", "{7C06D0E3-3496-49C8-8572-E98A88296721}"
EndProject
Project("{9A19103F-16F7-4668-BE54-9A1E7A4F7556}") = "ExtraTerrestrials", "ExtraTerrestrials\ExtraTerrestrials.csproj", "{FA6CBCDA-66D6-4088-A78E-550AA0CE52D3}"
EndProject
Project("{9A19103F-16F7-4668-BE54-9A1E7A4F7556}") = "EasterEggs", "EasterEggs\EasterEggs.csproj", "{439D3B17-EF71-428E-9985-E28DDCD9F855}"
EndProject
Project("{9A19103F-16F7-4668-BE54-9A1E7A4F7556}") = "DuctTape", "DuctTape\DuctTape.csproj", "{958CC08F-5AC2-4C02-9946-9072EC7E9C1E}"
EndProject
Project("{9A19103F-16F7-4668-BE54-9A1E7A4F7556}") = "CheerCreator", "CheerCreator\CheerCreator.csproj", "{04B3AD10-1AE7-4474-9753-DEF503B88321}"
EndProject
Project("{9A19103F-16F7-4668-BE54-9A1E7A4F7556}") = "Candles", "Candles\Candles.csproj", "{28ADBDC8-82AD-4E37-BE97-53613E3354F9}"
EndProject
Project("{9A19103F-16F7-4668-BE54-9A1E7A4F7556}") = "FruitBowl", "FruitBowl\FruitBowl.csproj", "{B37F186A-6093-442A-9209-00AB94D0F02D}"
EndProject
Project("{9A19103F-16F7-4668-BE54-9A1E7A4F7556}") = "GothamCity", "GothamCity\GothamCity.csproj", "{69F9DBFE-AAFD-46E6-A852-9D529F3B69F3}"
EndProject
Project("{9A19103F-16F7-4668-BE54-9A1E7A4F7556}") = "GuardFlamingos", "GuardFlamingos\GuardFlamingos.csproj", "{DCF6B8CE-F74F-4C6E-A592-4DF57D0855A8}"
EndProject
Project("{9A19103F-16F7-4668-BE54-9A1E7A4F7556}") = "HalloweenCandy", "HalloweenCandy\HalloweenCandy.csproj", "{993ACC80-DAE9-4F72-9E48-22C120CF97FE}"
EndProject
Project("{9A19103F-16F7-4668-BE54-9A1E7A4F7556}") = "Hovercraft", "Hovercraft\Hovercraft.csproj", "{7CB389E1-EFA4-4870-901C-F2C018D95E27}"
EndProject
Project("{FAE04EC0-301F-11D3-BF4B-00C04F79EFBC}") = "PaintCosts", "PaintCosts\PaintCosts.csproj", "{110450F6-C8CE-4C47-BE42-02B8AC450A0C}"
EndProject
Project("{FAE04EC0-301F-11D3-BF4B-00C04F79EFBC}") = "BallparkOrders", "BallparkOrders\BallparkOrders.csproj", "{AF0B0138-EE64-4281-BF2A-F13229182764}"
EndProject
Project("{FAE04EC0-301F-11D3-BF4B-00C04F79EFBC}") = "IsogramDetector", "IsogramDetector\IsogramDetector.csproj", "{1DD45E14-F41D-4195-975F-C3F8837695EB}"
EndProject
Project("{FAE04EC0-301F-11D3-BF4B-00C04F79EFBC}") = "Kaleidoscopes", "Kaleidoscopes\Kaleidoscopes.csproj", "{2B8B0169-7535-4510-B1A6-A0AD55C94B5F}"
EndProject
Project("{FAE04EC0-301F-11D3-BF4B-00C04F79EFBC}") = "LandHo", "LandHo\LandHo.csproj", "{6639F7DE-238F-4EDA-AEAB-F9230CF844D0}"
EndProject
Project("{FAE04EC0-301F-11D3-BF4B-00C04F79EFBC}") = "NumberOfOnes", "NumberOfOnes\NumberOfOnes.csproj", "{D78E5C8E-6BD7-48AC-9B3E-34AB0EB9F94B}"
EndProject
Project("{FAE04EC0-301F-11D3-BF4B-00C04F79EFBC}") = "VowelCounter", "VowelCounter\VowelCounter.csproj", "{4FFE51D5-BA90-4BC3-B494-2E593DDB4EF2}"
EndProject
Project("{FAE04EC0-301F-11D3-BF4B-00C04F79EFBC}") = "ZipCodeValidator", "ZipCodeValidator\ZipCodeValidator.csproj", "{5F8C579D-DB1A-486D-B21C-C4926D55ADBE}"
EndProject
Project("{FAE04EC0-301F-11D3-BF4B-00C04F79EFBC}") = "SkeeBall", "SkeeBall\SkeeBall.csproj", "{2A8D4B14-BB4E-469C-B67E-D1DAADCCCDEB}"
EndProject
Global
	GlobalSection(SolutionConfigurationPlatforms) = preSolution
		Debug|Any CPU = Debug|Any CPU
		Release|Any CPU = Release|Any CPU
	EndGlobalSection
	GlobalSection(ProjectConfigurationPlatforms) = postSolution
		{36B50128-6C5A-4B3F-97DB-87809D9619AD}.Debug|Any CPU.ActiveCfg = Debug|Any CPU
		{36B50128-6C5A-4B3F-97DB-87809D9619AD}.Debug|Any CPU.Build.0 = Debug|Any CPU
		{36B50128-6C5A-4B3F-97DB-87809D9619AD}.Release|Any CPU.ActiveCfg = Release|Any CPU
		{36B50128-6C5A-4B3F-97DB-87809D9619AD}.Release|Any CPU.Build.0 = Release|Any CPU
		{2673182C-F1E6-4A8D-9BDD-4C7987E09871}.Debug|Any CPU.ActiveCfg = Debug|Any CPU
		{2673182C-F1E6-4A8D-9BDD-4C7987E09871}.Debug|Any CPU.Build.0 = Debug|Any CPU
		{2673182C-F1E6-4A8D-9BDD-4C7987E09871}.Release|Any CPU.ActiveCfg = Release|Any CPU
		{2673182C-F1E6-4A8D-9BDD-4C7987E09871}.Release|Any CPU.Build.0 = Release|Any CPU
		{AA7088C0-F0EA-4AF1-BBA0-474067015073}.Debug|Any CPU.ActiveCfg = Debug|Any CPU
		{AA7088C0-F0EA-4AF1-BBA0-474067015073}.Debug|Any CPU.Build.0 = Debug|Any CPU
		{AA7088C0-F0EA-4AF1-BBA0-474067015073}.Release|Any CPU.ActiveCfg = Release|Any CPU
		{AA7088C0-F0EA-4AF1-BBA0-474067015073}.Release|Any CPU.Build.0 = Release|Any CPU
		{03B5A5A7-9EB7-48F4-A31F-972B22E84B43}.Debug|Any CPU.ActiveCfg = Debug|Any CPU
		{03B5A5A7-9EB7-48F4-A31F-972B22E84B43}.Debug|Any CPU.Build.0 = Debug|Any CPU
		{03B5A5A7-9EB7-48F4-A31F-972B22E84B43}.Release|Any CPU.ActiveCfg = Release|Any CPU
		{03B5A5A7-9EB7-48F4-A31F-972B22E84B43}.Release|Any CPU.Build.0 = Release|Any CPU
		{E7ED1D10-AF28-4DF4-B41D-7E09A0BFA3DF}.Debug|Any CPU.ActiveCfg = Debug|Any CPU
		{E7ED1D10-AF28-4DF4-B41D-7E09A0BFA3DF}.Debug|Any CPU.Build.0 = Debug|Any CPU
		{E7ED1D10-AF28-4DF4-B41D-7E09A0BFA3DF}.Release|Any CPU.ActiveCfg = Release|Any CPU
		{E7ED1D10-AF28-4DF4-B41D-7E09A0BFA3DF}.Release|Any CPU.Build.0 = Release|Any CPU
		{D3005F66-B369-4B1D-9FA6-2E9404911B54}.Debug|Any CPU.ActiveCfg = Debug|Any CPU
		{D3005F66-B369-4B1D-9FA6-2E9404911B54}.Debug|Any CPU.Build.0 = Debug|Any CPU
		{D3005F66-B369-4B1D-9FA6-2E9404911B54}.Release|Any CPU.ActiveCfg = Release|Any CPU
		{D3005F66-B369-4B1D-9FA6-2E9404911B54}.Release|Any CPU.Build.0 = Release|Any CPU
		{7C06D0E3-3496-49C8-8572-E98A88296721}.Debug|Any CPU.ActiveCfg = Debug|Any CPU
		{7C06D0E3-3496-49C8-8572-E98A88296721}.Debug|Any CPU.Build.0 = Debug|Any CPU
		{7C06D0E3-3496-49C8-8572-E98A88296721}.Release|Any CPU.ActiveCfg = Release|Any CPU
		{7C06D0E3-3496-49C8-8572-E98A88296721}.Release|Any CPU.Build.0 = Release|Any CPU
		{FA6CBCDA-66D6-4088-A78E-550AA0CE52D3}.Debug|Any CPU.ActiveCfg = Debug|Any CPU
		{FA6CBCDA-66D6-4088-A78E-550AA0CE52D3}.Debug|Any CPU.Build.0 = Debug|Any CPU
		{FA6CBCDA-66D6-4088-A78E-550AA0CE52D3}.Release|Any CPU.ActiveCfg = Release|Any CPU
		{FA6CBCDA-66D6-4088-A78E-550AA0CE52D3}.Release|Any CPU.Build.0 = Release|Any CPU
		{439D3B17-EF71-428E-9985-E28DDCD9F855}.Debug|Any CPU.ActiveCfg = Debug|Any CPU
		{439D3B17-EF71-428E-9985-E28DDCD9F855}.Debug|Any CPU.Build.0 = Debug|Any CPU
		{439D3B17-EF71-428E-9985-E28DDCD9F855}.Release|Any CPU.ActiveCfg = Release|Any CPU
		{439D3B17-EF71-428E-9985-E28DDCD9F855}.Release|Any CPU.Build.0 = Release|Any CPU
		{958CC08F-5AC2-4C02-9946-9072EC7E9C1E}.Debug|Any CPU.ActiveCfg = Debug|Any CPU
		{958CC08F-5AC2-4C02-9946-9072EC7E9C1E}.Debug|Any CPU.Build.0 = Debug|Any CPU
		{958CC08F-5AC2-4C02-9946-9072EC7E9C1E}.Release|Any CPU.ActiveCfg = Release|Any CPU
		{958CC08F-5AC2-4C02-9946-9072EC7E9C1E}.Release|Any CPU.Build.0 = Release|Any CPU
		{04B3AD10-1AE7-4474-9753-DEF503B88321}.Debug|Any CPU.ActiveCfg = Debug|Any CPU
		{04B3AD10-1AE7-4474-9753-DEF503B88321}.Debug|Any CPU.Build.0 = Debug|Any CPU
		{04B3AD10-1AE7-4474-9753-DEF503B88321}.Release|Any CPU.ActiveCfg = Release|Any CPU
		{04B3AD10-1AE7-4474-9753-DEF503B88321}.Release|Any CPU.Build.0 = Release|Any CPU
		{28ADBDC8-82AD-4E37-BE97-53613E3354F9}.Debug|Any CPU.ActiveCfg = Debug|Any CPU
		{28ADBDC8-82AD-4E37-BE97-53613E3354F9}.Debug|Any CPU.Build.0 = Debug|Any CPU
		{28ADBDC8-82AD-4E37-BE97-53613E3354F9}.Release|Any CPU.ActiveCfg = Release|Any CPU
		{28ADBDC8-82AD-4E37-BE97-53613E3354F9}.Release|Any CPU.Build.0 = Release|Any CPU
		{B37F186A-6093-442A-9209-00AB94D0F02D}.Debug|Any CPU.ActiveCfg = Debug|Any CPU
		{B37F186A-6093-442A-9209-00AB94D0F02D}.Debug|Any CPU.Build.0 = Debug|Any CPU
		{B37F186A-6093-442A-9209-00AB94D0F02D}.Release|Any CPU.ActiveCfg = Release|Any CPU
		{B37F186A-6093-442A-9209-00AB94D0F02D}.Release|Any CPU.Build.0 = Release|Any CPU
		{69F9DBFE-AAFD-46E6-A852-9D529F3B69F3}.Debug|Any CPU.ActiveCfg = Debug|Any CPU
		{69F9DBFE-AAFD-46E6-A852-9D529F3B69F3}.Debug|Any CPU.Build.0 = Debug|Any CPU
		{69F9DBFE-AAFD-46E6-A852-9D529F3B69F3}.Release|Any CPU.ActiveCfg = Release|Any CPU
		{69F9DBFE-AAFD-46E6-A852-9D529F3B69F3}.Release|Any CPU.Build.0 = Release|Any CPU
		{DCF6B8CE-F74F-4C6E-A592-4DF57D0855A8}.Debug|Any CPU.ActiveCfg = Debug|Any CPU
		{DCF6B8CE-F74F-4C6E-A592-4DF57D0855A8}.Debug|Any CPU.Build.0 = Debug|Any CPU
		{DCF6B8CE-F74F-4C6E-A592-4DF57D0855A8}.Release|Any CPU.ActiveCfg = Release|Any CPU
		{DCF6B8CE-F74F-4C6E-A592-4DF57D0855A8}.Release|Any CPU.Build.0 = Release|Any CPU
		{993ACC80-DAE9-4F72-9E48-22C120CF97FE}.Debug|Any CPU.ActiveCfg = Debug|Any CPU
		{993ACC80-DAE9-4F72-9E48-22C120CF97FE}.Debug|Any CPU.Build.0 = Debug|Any CPU
		{993ACC80-DAE9-4F72-9E48-22C120CF97FE}.Release|Any CPU.ActiveCfg = Release|Any CPU
		{993ACC80-DAE9-4F72-9E48-22C120CF97FE}.Release|Any CPU.Build.0 = Release|Any CPU
		{7CB389E1-EFA4-4870-901C-F2C018D95E27}.Debug|Any CPU.ActiveCfg = Debug|Any CPU
		{7CB389E1-EFA4-4870-901C-F2C018D95E27}.Debug|Any CPU.Build.0 = Debug|Any CPU
		{7CB389E1-EFA4-4870-901C-F2C018D95E27}.Release|Any CPU.ActiveCfg = Release|Any CPU
		{7CB389E1-EFA4-4870-901C-F2C018D95E27}.Release|Any CPU.Build.0 = Release|Any CPU
		{110450F6-C8CE-4C47-BE42-02B8AC450A0C}.Debug|Any CPU.ActiveCfg = Debug|Any CPU
		{110450F6-C8CE-4C47-BE42-02B8AC450A0C}.Debug|Any CPU.Build.0 = Debug|Any CPU
		{110450F6-C8CE-4C47-BE42-02B8AC450A0C}.Release|Any CPU.ActiveCfg = Release|Any CPU
		{110450F6-C8CE-4C47-BE42-02B8AC450A0C}.Release|Any CPU.Build.0 = Release|Any CPU
		{AF0B0138-EE64-4281-BF2A-F13229182764}.Debug|Any CPU.ActiveCfg = Debug|Any CPU
		{AF0B0138-EE64-4281-BF2A-F13229182764}.Debug|Any CPU.Build.0 = Debug|Any CPU
		{AF0B0138-EE64-4281-BF2A-F13229182764}.Release|Any CPU.ActiveCfg = Release|Any CPU
		{AF0B0138-EE64-4281-BF2A-F13229182764}.Release|Any CPU.Build.0 = Release|Any CPU
		{1DD45E14-F41D-4195-975F-C3F8837695EB}.Debug|Any CPU.ActiveCfg = Debug|Any CPU
		{1DD45E14-F41D-4195-975F-C3F8837695EB}.Debug|Any CPU.Build.0 = Debug|Any CPU
		{1DD45E14-F41D-4195-975F-C3F8837695EB}.Release|Any CPU.ActiveCfg = Release|Any CPU
		{1DD45E14-F41D-4195-975F-C3F8837695EB}.Release|Any CPU.Build.0 = Release|Any CPU
		{2B8B0169-7535-4510-B1A6-A0AD55C94B5F}.Debug|Any CPU.ActiveCfg = Debug|Any CPU
		{2B8B0169-7535-4510-B1A6-A0AD55C94B5F}.Debug|Any CPU.Build.0 = Debug|Any CPU
		{2B8B0169-7535-4510-B1A6-A0AD55C94B5F}.Release|Any CPU.ActiveCfg = Release|Any CPU
		{2B8B0169-7535-4510-B1A6-A0AD55C94B5F}.Release|Any CPU.Build.0 = Release|Any CPU
		{6639F7DE-238F-4EDA-AEAB-F9230CF844D0}.Debug|Any CPU.ActiveCfg = Debug|Any CPU
		{6639F7DE-238F-4EDA-AEAB-F9230CF844D0}.Debug|Any CPU.Build.0 = Debug|Any CPU
		{6639F7DE-238F-4EDA-AEAB-F9230CF844D0}.Release|Any CPU.ActiveCfg = Release|Any CPU
		{6639F7DE-238F-4EDA-AEAB-F9230CF844D0}.Release|Any CPU.Build.0 = Release|Any CPU
		{D78E5C8E-6BD7-48AC-9B3E-34AB0EB9F94B}.Debug|Any CPU.ActiveCfg = Debug|Any CPU
		{D78E5C8E-6BD7-48AC-9B3E-34AB0EB9F94B}.Debug|Any CPU.Build.0 = Debug|Any CPU
		{D78E5C8E-6BD7-48AC-9B3E-34AB0EB9F94B}.Release|Any CPU.ActiveCfg = Release|Any CPU
		{D78E5C8E-6BD7-48AC-9B3E-34AB0EB9F94B}.Release|Any CPU.Build.0 = Release|Any CPU
		{4FFE51D5-BA90-4BC3-B494-2E593DDB4EF2}.Debug|Any CPU.ActiveCfg = Debug|Any CPU
		{4FFE51D5-BA90-4BC3-B494-2E593DDB4EF2}.Debug|Any CPU.Build.0 = Debug|Any CPU
		{4FFE51D5-BA90-4BC3-B494-2E593DDB4EF2}.Release|Any CPU.ActiveCfg = Release|Any CPU
		{4FFE51D5-BA90-4BC3-B494-2E593DDB4EF2}.Release|Any CPU.Build.0 = Release|Any CPU
		{5F8C579D-DB1A-486D-B21C-C4926D55ADBE}.Debug|Any CPU.ActiveCfg = Debug|Any CPU
		{5F8C579D-DB1A-486D-B21C-C4926D55ADBE}.Debug|Any CPU.Build.0 = Debug|Any CPU
		{5F8C579D-DB1A-486D-B21C-C4926D55ADBE}.Release|Any CPU.ActiveCfg = Release|Any CPU
		{5F8C579D-DB1A-486D-B21C-C4926D55ADBE}.Release|Any CPU.Build.0 = Release|Any CPU
		{2A8D4B14-BB4E-469C-B67E-D1DAADCCCDEB}.Debug|Any CPU.ActiveCfg = Debug|Any CPU
		{2A8D4B14-BB4E-469C-B67E-D1DAADCCCDEB}.Debug|Any CPU.Build.0 = Debug|Any CPU
		{2A8D4B14-BB4E-469C-B67E-D1DAADCCCDEB}.Release|Any CPU.ActiveCfg = Release|Any CPU
		{2A8D4B14-BB4E-469C-B67E-D1DAADCCCDEB}.Release|Any CPU.Build.0 = Release|Any CPU
	EndGlobalSection
	GlobalSection(SolutionProperties) = preSolution
		HideSolutionNode = FALSE
	EndGlobalSection
	GlobalSection(NestedProjects) = preSolution
		{36B50128-6C5A-4B3F-97DB-87809D9619AD} = {F6FD38F7-DB63-44B5-9C2B-3B975F4FA7CD}
		{2673182C-F1E6-4A8D-9BDD-4C7987E09871} = {F6FD38F7-DB63-44B5-9C2B-3B975F4FA7CD}
		{AA7088C0-F0EA-4AF1-BBA0-474067015073} = {F6FD38F7-DB63-44B5-9C2B-3B975F4FA7CD}
		{03B5A5A7-9EB7-48F4-A31F-972B22E84B43} = {F6FD38F7-DB63-44B5-9C2B-3B975F4FA7CD}
		{E7ED1D10-AF28-4DF4-B41D-7E09A0BFA3DF} = {F6FD38F7-DB63-44B5-9C2B-3B975F4FA7CD}
		{D3005F66-B369-4B1D-9FA6-2E9404911B54} = {F6FD38F7-DB63-44B5-9C2B-3B975F4FA7CD}
		{7C06D0E3-3496-49C8-8572-E98A88296721} = {F6FD38F7-DB63-44B5-9C2B-3B975F4FA7CD}
		{FA6CBCDA-66D6-4088-A78E-550AA0CE52D3} = {F6FD38F7-DB63-44B5-9C2B-3B975F4FA7CD}
		{439D3B17-EF71-428E-9985-E28DDCD9F855} = {F6FD38F7-DB63-44B5-9C2B-3B975F4FA7CD}
		{958CC08F-5AC2-4C02-9946-9072EC7E9C1E} = {F6FD38F7-DB63-44B5-9C2B-3B975F4FA7CD}
		{04B3AD10-1AE7-4474-9753-DEF503B88321} = {F6FD38F7-DB63-44B5-9C2B-3B975F4FA7CD}
		{28ADBDC8-82AD-4E37-BE97-53613E3354F9} = {F6FD38F7-DB63-44B5-9C2B-3B975F4FA7CD}
		{B37F186A-6093-442A-9209-00AB94D0F02D} = {F6FD38F7-DB63-44B5-9C2B-3B975F4FA7CD}
		{69F9DBFE-AAFD-46E6-A852-9D529F3B69F3} = {F6FD38F7-DB63-44B5-9C2B-3B975F4FA7CD}
		{DCF6B8CE-F74F-4C6E-A592-4DF57D0855A8} = {F6FD38F7-DB63-44B5-9C2B-3B975F4FA7CD}
		{993ACC80-DAE9-4F72-9E48-22C120CF97FE} = {F6FD38F7-DB63-44B5-9C2B-3B975F4FA7CD}
		{7CB389E1-EFA4-4870-901C-F2C018D95E27} = {F6FD38F7-DB63-44B5-9C2B-3B975F4FA7CD}
		{110450F6-C8CE-4C47-BE42-02B8AC450A0C} = {F6FD38F7-DB63-44B5-9C2B-3B975F4FA7CD}
		{AF0B0138-EE64-4281-BF2A-F13229182764} = {F6FD38F7-DB63-44B5-9C2B-3B975F4FA7CD}
		{1DD45E14-F41D-4195-975F-C3F8837695EB} = {F6FD38F7-DB63-44B5-9C2B-3B975F4FA7CD}
		{2B8B0169-7535-4510-B1A6-A0AD55C94B5F} = {F6FD38F7-DB63-44B5-9C2B-3B975F4FA7CD}
		{6639F7DE-238F-4EDA-AEAB-F9230CF844D0} = {F6FD38F7-DB63-44B5-9C2B-3B975F4FA7CD}
		{D78E5C8E-6BD7-48AC-9B3E-34AB0EB9F94B} = {F6FD38F7-DB63-44B5-9C2B-3B975F4FA7CD}
		{4FFE51D5-BA90-4BC3-B494-2E593DDB4EF2} = {F6FD38F7-DB63-44B5-9C2B-3B975F4FA7CD}
		{5F8C579D-DB1A-486D-B21C-C4926D55ADBE} = {F6FD38F7-DB63-44B5-9C2B-3B975F4FA7CD}
		{2A8D4B14-BB4E-469C-B67E-D1DAADCCCDEB} = {F6FD38F7-DB63-44B5-9C2B-3B975F4FA7CD}
	EndGlobalSection
	GlobalSection(ExtensibilityGlobals) = postSolution
		SolutionGuid = {3308F44F-5110-4F45-82A2-E3B7DBF55D5B}
	EndGlobalSection
EndGlobal
