
Microsoft Visual Studio Solution File, Format Version 12.00
# Visual Studio Version 17
VisualStudioVersion = 17.6.33829.357
MinimumVisualStudioVersion = 10.0.40219.1
Project("{2150E333-8FDC-42A3-9474-1A3956D46DE8}") = "Easy", "Easy", "{F6FD38F7-DB63-44B5-9C2B-3B975F4FA7CD}"
EndProject
Project("{9A19103F-16F7-4668-BE54-9A1E7A4F7556}") = "Argentina", "Argentina\Argentina.csproj", "{36B50128-6C5A-4B3F-97DB-87809D9619AD}"
EndProject
Project("{9A19103F-16F7-4668-BE54-9A1E7A4F7556}") = "Balconies", "Balconies\Balconies.csproj", "{2673182C-F1E6-4A8D-9BDD-4C7987E09871}"
EndProject
Project("{9A19103F-16F7-4668-BE54-9A1E7A4F7556}") = "Popsicles", "Popsicles\Popsicles.csproj", "{AA7088C0-F0EA-4AF1-BBA0-474067015073}"
EndProject
Project("{9A19103F-16F7-4668-BE54-9A1E7A4F7556}") = "Neverland", "Neverland\Neverland.csproj", "{03B5A5A7-9EB7-48F4-A31F-972B22E84B43}"
EndProject
Project("{9A19103F-16F7-4668-BE54-9A1E7A4F7556}") = "Multiples", "Multiples\Multiples.csproj", "{E7ED1D10-AF28-4DF4-B41D-7E09A0BFA3DF}"
EndProject
Project("{9A19103F-16F7-4668-BE54-9A1E7A4F7556}") = "JungleCamping", "JungleCamping\JungleCamping.csproj", "{D3005F66-B369-4B1D-9FA6-2E9404911B54}"
EndProject
Project("{9A19103F-16F7-4668-BE54-9A1E7A4F7556}") = "IzzyTheIguana", "IzzyTheIguana\IzzyTheIguana.csproj", "{7C06D0E3-3496-49C8-8572-E98A88296721}"
EndProject
Project("{9A19103F-16F7-4668-BE54-9A1E7A4F7556}") = "ExtraTerrestrials", "ExtraTerrestrials\ExtraTerrestrials.csproj", "{FA6CBCDA-66D6-4088-A78E-550AA0CE52D3}"
EndProject
Project("{9A19103F-16F7-4668-BE54-9A1E7A4F7556}") = "EasterEggs", "EasterEggs\EasterEggs.csproj", "{439D3B17-EF71-428E-9985-E28DDCD9F855}"
EndProject
Project("{9A19103F-16F7-4668-BE54-9A1E7A4F7556}") = "DuctTape", "DuctTape\DuctTape.csproj", "{958CC08F-5AC2-4C02-9946-9072EC7E9C1E}"
EndProject
Project("{9A19103F-16F7-4668-BE54-9A1E7A4F7556}") = "CheerCreator", "CheerCreator\CheerCreator.csproj", "{04B3AD10-1AE7-4474-9753-DEF503B88321}"
EndProject
Project("{9A19103F-16F7-4668-BE54-9A1E7A4F7556}") = "Candles", "Candles\Candles.csproj", "{28ADBDC8-82AD-4E37-BE97-53613E3354F9}"
EndProject
Project("{9A19103F-16F7-4668-BE54-9A1E7A4F7556}") = "FruitBowl", "FruitBowl\FruitBowl.csproj", "{B37F186A-6093-442A-9209-00AB94D0F02D}"
EndProject
Project("{9A19103F-16F7-4668-BE54-9A1E7A4F7556}") = "GothamCity", "GothamCity\GothamCity.csproj", "{69F9DBFE-AAFD-46E6-A852-9D529F3B69F3}"
EndProject
Project("{9A19103F-16F7-4668-BE54-9A1E7A4F7556}") = "GuardFlamingos", "GuardFlamingos\GuardFlamingos.csproj", "{DCF6B8CE-F74F-4C6E-A592-4DF57D0855A8}"
EndProject
Project("{9A19103F-16F7-4668-BE54-9A1E7A4F7556}") = "HalloweenCandy", "HalloweenCandy\HalloweenCandy.csproj", "{993ACC80-DAE9-4F72-9E48-22C120CF97FE}"
EndProject
Project("{9A19103F-16F7-4668-BE54-9A1E7A4F7556}") = "Hovercraft", "Hovercraft\Hovercraft.csproj", "{7CB389E1-EFA4-4870-901C-F2C018D95E27}"
EndProject
Project("{9A19103F-16F7-4668-BE54-9A1E7A4F7556}") = "PaintCosts", "PaintCosts\PaintCosts.csproj", "{110450F6-C8CE-4C47-BE42-02B8AC450A0C}"
EndProject
Project("{9A19103F-16F7-4668-BE54-9A1E7A4F7556}") = "BallparkOrders", "BallparkOrders\BallparkOrders.csproj", "{AF0B0138-EE64-4281-BF2A-F13229182764}"
EndProject
Project("{9A19103F-16F7-4668-BE54-9A1E7A4F7556}") = "IsogramDetector", "IsogramDetector\IsogramDetector.csproj", "{1DD45E14-F41D-4195-975F-C3F8837695EB}"
EndProject
Project("{9A19103F-16F7-4668-BE54-9A1E7A4F7556}") = "Kaleidoscopes", "Kaleidoscopes\Kaleidoscopes.csproj", "{2B8B0169-7535-4510-B1A6-A0AD55C94B5F}"
EndProject
Project("{9A19103F-16F7-4668-BE54-9A1E7A4F7556}") = "LandHo", "LandHo\LandHo.csproj", "{6639F7DE-238F-4EDA-AEAB-F9230CF844D0}"
EndProject
Project("{9A19103F-16F7-4668-BE54-9A1E7A4F7556}") = "NumberOfOnes", "NumberOfOnes\NumberOfOnes.csproj", "{D78E5C8E-6BD7-48AC-9B3E-34AB0EB9F94B}"
EndProject
Project("{9A19103F-16F7-4668-BE54-9A1E7A4F7556}") = "VowelCounter", "VowelCounter\VowelCounter.csproj", "{4FFE51D5-BA90-4BC3-B494-2E593DDB4EF2}"
EndProject
Project("{9A19103F-16F7-4668-BE54-9A1E7A4F7556}") = "ZipCodeValidator", "ZipCodeValidator\ZipCodeValidator.csproj", "{5F8C579D-DB1A-486D-B21C-C4926D55ADBE}"
EndProject
Project("{9A19103F-16F7-4668-BE54-9A1E7A4F7556}") = "SkeeBall", "SkeeBall\SkeeBall.csproj", "{2A8D4B14-BB4E-469C-B67E-D1DAADCCCDEB}"
EndProject
Project("{2150E333-8FDC-42A3-9474-1A3956D46DE8}") = "Medium", "Medium", "{88239A59-2A95-49A8-922A-337A6BBACA37}"
EndProject
Project("{FAE04EC0-301F-11D3-BF4B-00C04F79EFBC}") = "AverageWordLength", "AverageWordLength\AverageWordLength.csproj", "{A6422127-3F07-4DA8-94C9-C9D70D5253DC}"
EndProject
Project("{FAE04EC0-301F-11D3-BF4B-00C04F79EFBC}") = "BuildingBlocks", "BuildingBlocks\BuildingBlocks.csproj", "{41095B74-2AFB-46B9-9555-5A86CA0A6AAD}"
EndProject
Project("{FAE04EC0-301F-11D3-BF4B-00C04F79EFBC}") = "CamelToSnake", "CamelToSnake\CamelToSnake.csproj", "{56D5C1BB-CC6C-4C21-9F5E-CB97EAFD0CF3}"
EndProject
Project("{FAE04EC0-301F-11D3-BF4B-00C04F79EFBC}") = "CarrotCake", "CarrotCake\CarrotCake.csproj", "{18FD9DDA-CA69-48D1-9D33-CFDD9D256CCF}"
EndProject
Project("{FAE04EC0-301F-11D3-BF4B-00C04F79EFBC}") = "CMYKtoRGB", "CMYKtoRGB\CMYKtoRGB.csproj", "{5B074AC0-A164-4569-89A5-4A31E047C51B}"
EndProject
Project("{FAE04EC0-301F-11D3-BF4B-00C04F79EFBC}") = "ConvertUSDateToEU", "ConvertUSDateToEU\ConvertUSDateToEU.csproj", "{0AE2BA44-9642-4C39-9492-373640301B59}"
EndProject
Project("{FAE04EC0-301F-11D3-BF4B-00C04F79EFBC}") = "CreditCardValidator", "CreditCardValidator\CreditCardValidator.csproj", "{8949F36F-2F16-4879-B68A-1584D8C68767}"
EndProject
Project("{FAE04EC0-301F-11D3-BF4B-00C04F79EFBC}") = "DayOfTheWeek", "DayOfTheWeek\DayOfTheWeek.csproj", "{AF61223C-F24B-403C-B258-869C6453E059}"
EndProject
Project("{FAE04EC0-301F-11D3-BF4B-00C04F79EFBC}") = "DaysBetweenDates", "DaysBetweenDates\DaysBetweenDates.csproj", "{DFE55240-757E-4C38-BD4D-94519BDC5E12}"
EndProject
Project("{FAE04EC0-301F-11D3-BF4B-00C04F79EFBC}") = "DejaVu", "DejaVu\DejaVu.csproj", "{5CB70FE2-900B-45C1-BB56-0CA2ADE1FBA1}"
EndProject
Project("{FAE04EC0-301F-11D3-BF4B-00C04F79EFBC}") = "Divisible", "Divisible\Divisible.csproj", "{AEED0A40-C541-42A2-8E58-24AD15D49C11}"
EndProject
Project("{FAE04EC0-301F-11D3-BF4B-00C04F79EFBC}") = "DutyFree", "DutyFree\DutyFree.csproj", "{287D84F9-E475-4CF5-B649-54394C47A6ED}"
EndProject
Project("{FAE04EC0-301F-11D3-BF4B-00C04F79EFBC}") = "EvenNumbers", "EvenNumbers\EvenNumbers.csproj", "{131F7BF0-2BE5-472B-8B12-B2BD677A9156}"
EndProject
Project("{FAE04EC0-301F-11D3-BF4B-00C04F79EFBC}") = "FlowingWords", "FlowingWords\FlowingWords.csproj", "{BEBE7880-8D5E-451A-A8D0-24F7574B2474}"
EndProject
Project("{FAE04EC0-301F-11D3-BF4B-00C04F79EFBC}") = "HexColorCodeGenerator", "HexColorCodeGenerator\HexColorCodeGenerator.csproj", "{B51EE51F-1B2F-409D-90B1-9B14557420A6}"
EndProject
Project("{FAE04EC0-301F-11D3-BF4B-00C04F79EFBC}") = "HowFar", "HowFar\HowFar.csproj", "{A7720BBE-1137-4065-B8C1-78288C3A9FFC}"
EndProject
Project("{FAE04EC0-301F-11D3-BF4B-00C04F79EFBC}") = "Initials", "Initials\Initials.csproj", "{AD1B8DDB-01FE-4FC9-AE82-30029DFFC592}"
EndProject
Project("{FAE04EC0-301F-11D3-BF4B-00C04F79EFBC}") = "MilitaryTime", "MilitaryTime\MilitaryTime.csproj", "{AEA5C42C-CF34-45E8-BED9-B1E2837F3D36}"
EndProject
Project("{FAE04EC0-301F-11D3-BF4B-00C04F79EFBC}") = "MissingNumbers", "MissingNumbers\MissingNumbers.csproj", "{D68B9310-27FD-42B9-BC4A-74C9E9FF6D02}"
EndProject
Project("{FAE04EC0-301F-11D3-BF4B-00C04F79EFBC}") = "NameBuddy", "NameBuddy\NameBuddy.csproj", "{4B3F9AF4-7AED-4A31-9755-EF44E69FB750}"
EndProject
Project("{FAE04EC0-301F-11D3-BF4B-00C04F79EFBC}") = "NoNumerals", "NoNumerals\NoNumerals.csproj", "{329B134D-8C61-40BC-A339-4E86F3CC430E}"
EndProject
Project("{FAE04EC0-301F-11D3-BF4B-00C04F79EFBC}") = "PigLatin", "PigLatin\PigLatin.csproj", "{6BF0176A-50CB-4FC7-8D96-42C0A72ED709}"
EndProject
Project("{FAE04EC0-301F-11D3-BF4B-00C04F79EFBC}") = "Roadrunner", "Roadrunner\Roadrunner.csproj", "{440C3E2C-C60A-4918-8000-D29CDC22D151}"
EndProject
Project("{FAE04EC0-301F-11D3-BF4B-00C04F79EFBC}") = "SafetyDepositBoxes", "SafetyDepositBoxes\SafetyDepositBoxes.csproj", "{437D9D74-EB4E-48BB-83E1-76C372CCDEFB}"
EndProject
Project("{FAE04EC0-301F-11D3-BF4B-00C04F79EFBC}") = "SecretMessage", "SecretMessage\SecretMessage.csproj", "{97F0C827-0A4F-4F4A-81FB-7FF3DA225854}"
EndProject
Project("{FAE04EC0-301F-11D3-BF4B-00C04F79EFBC}") = "SnapCrackleAndPop", "SnapCrackleAndPop\SnapCrackleAndPop.csproj", "{F24A7A71-A080-4772-8370-AB3DB99EA09B}"
EndProject
Project("{FAE04EC0-301F-11D3-BF4B-00C04F79EFBC}") = "SnowballingNumbers", "SnowballingNumbers\SnowballingNumbers.csproj", "{D5D23441-A9C0-4C9F-A79D-4A3417E1510E}"
EndProject
Project("{FAE04EC0-301F-11D3-BF4B-00C04F79EFBC}") = "SplittingStrings", "SplittingStrings\SplittingStrings.csproj", "{0EB5EE16-809C-4C79-8E7A-2A4486035511}"
EndProject
Project("{FAE04EC0-301F-11D3-BF4B-00C04F79EFBC}") = "SpyLife", "SpyLife\SpyLife.csproj", "{51A1FB7A-BB5C-4964-AF44-DDCF0EB7AA04}"
EndProject
Project("{FAE04EC0-301F-11D3-BF4B-00C04F79EFBC}") = "SuperSale", "SuperSale\SuperSale.csproj", "{FB107BA2-388E-405A-B8B8-6D2F32EA69B1}"
EndProject
Project("{FAE04EC0-301F-11D3-BF4B-00C04F79EFBC}") = "Symbols", "Symbols\Symbols.csproj", "{D66FDB3A-7A9A-4545-9839-573305948DDB}"
EndProject
Project("{FAE04EC0-301F-11D3-BF4B-00C04F79EFBC}") = "TaxFree", "TaxFree\TaxFree.csproj", "{3AC962D9-5F94-438E-A7CA-7913EFC66C6F}"
EndProject
Project("{FAE04EC0-301F-11D3-BF4B-00C04F79EFBC}") = "TextDecompressor", "TextDecompressor\TextDecompressor.csproj", "{838DB8A1-4B2B-4FCC-81A0-53E6FCF575EE}"
EndProject
Project("{FAE04EC0-301F-11D3-BF4B-00C04F79EFBC}") = "ThatsOdd", "ThatsOdd\ThatsOdd.csproj", "{5AF15E36-1C62-4444-AE5C-6B1E3DAB5637}"
EndProject
Project("{FAE04EC0-301F-11D3-BF4B-00C04F79EFBC}") = "YoutubeLinkFinder", "YoutubeLinkFinder\YoutubeLinkFinder.csproj", "{104700A4-3456-4FA8-A63A-449186663A92}"
EndProject
Global
	GlobalSection(SolutionConfigurationPlatforms) = preSolution
		Debug|Any CPU = Debug|Any CPU
		Release|Any CPU = Release|Any CPU
	EndGlobalSection
	GlobalSection(ProjectConfigurationPlatforms) = postSolution
		{36B50128-6C5A-4B3F-97DB-87809D9619AD}.Debug|Any CPU.ActiveCfg = Debug|Any CPU
		{36B50128-6C5A-4B3F-97DB-87809D9619AD}.Debug|Any CPU.Build.0 = Debug|Any CPU
		{36B50128-6C5A-4B3F-97DB-87809D9619AD}.Release|Any CPU.ActiveCfg = Release|Any CPU
		{36B50128-6C5A-4B3F-97DB-87809D9619AD}.Release|Any CPU.Build.0 = Release|Any CPU
		{2673182C-F1E6-4A8D-9BDD-4C7987E09871}.Debug|Any CPU.ActiveCfg = Debug|Any CPU
		{2673182C-F1E6-4A8D-9BDD-4C7987E09871}.Debug|Any CPU.Build.0 = Debug|Any CPU
		{2673182C-F1E6-4A8D-9BDD-4C7987E09871}.Release|Any CPU.ActiveCfg = Release|Any CPU
		{2673182C-F1E6-4A8D-9BDD-4C7987E09871}.Release|Any CPU.Build.0 = Release|Any CPU
		{AA7088C0-F0EA-4AF1-BBA0-474067015073}.Debug|Any CPU.ActiveCfg = Debug|Any CPU
		{AA7088C0-F0EA-4AF1-BBA0-474067015073}.Debug|Any CPU.Build.0 = Debug|Any CPU
		{AA7088C0-F0EA-4AF1-BBA0-474067015073}.Release|Any CPU.ActiveCfg = Release|Any CPU
		{AA7088C0-F0EA-4AF1-BBA0-474067015073}.Release|Any CPU.Build.0 = Release|Any CPU
		{03B5A5A7-9EB7-48F4-A31F-972B22E84B43}.Debug|Any CPU.ActiveCfg = Debug|Any CPU
		{03B5A5A7-9EB7-48F4-A31F-972B22E84B43}.Debug|Any CPU.Build.0 = Debug|Any CPU
		{03B5A5A7-9EB7-48F4-A31F-972B22E84B43}.Release|Any CPU.ActiveCfg = Release|Any CPU
		{03B5A5A7-9EB7-48F4-A31F-972B22E84B43}.Release|Any CPU.Build.0 = Release|Any CPU
		{E7ED1D10-AF28-4DF4-B41D-7E09A0BFA3DF}.Debug|Any CPU.ActiveCfg = Debug|Any CPU
		{E7ED1D10-AF28-4DF4-B41D-7E09A0BFA3DF}.Debug|Any CPU.Build.0 = Debug|Any CPU
		{E7ED1D10-AF28-4DF4-B41D-7E09A0BFA3DF}.Release|Any CPU.ActiveCfg = Release|Any CPU
		{E7ED1D10-AF28-4DF4-B41D-7E09A0BFA3DF}.Release|Any CPU.Build.0 = Release|Any CPU
		{D3005F66-B369-4B1D-9FA6-2E9404911B54}.Debug|Any CPU.ActiveCfg = Debug|Any CPU
		{D3005F66-B369-4B1D-9FA6-2E9404911B54}.Debug|Any CPU.Build.0 = Debug|Any CPU
		{D3005F66-B369-4B1D-9FA6-2E9404911B54}.Release|Any CPU.ActiveCfg = Release|Any CPU
		{D3005F66-B369-4B1D-9FA6-2E9404911B54}.Release|Any CPU.Build.0 = Release|Any CPU
		{7C06D0E3-3496-49C8-8572-E98A88296721}.Debug|Any CPU.ActiveCfg = Debug|Any CPU
		{7C06D0E3-3496-49C8-8572-E98A88296721}.Debug|Any CPU.Build.0 = Debug|Any CPU
		{7C06D0E3-3496-49C8-8572-E98A88296721}.Release|Any CPU.ActiveCfg = Release|Any CPU
		{7C06D0E3-3496-49C8-8572-E98A88296721}.Release|Any CPU.Build.0 = Release|Any CPU
		{FA6CBCDA-66D6-4088-A78E-550AA0CE52D3}.Debug|Any CPU.ActiveCfg = Debug|Any CPU
		{FA6CBCDA-66D6-4088-A78E-550AA0CE52D3}.Debug|Any CPU.Build.0 = Debug|Any CPU
		{FA6CBCDA-66D6-4088-A78E-550AA0CE52D3}.Release|Any CPU.ActiveCfg = Release|Any CPU
		{FA6CBCDA-66D6-4088-A78E-550AA0CE52D3}.Release|Any CPU.Build.0 = Release|Any CPU
		{439D3B17-EF71-428E-9985-E28DDCD9F855}.Debug|Any CPU.ActiveCfg = Debug|Any CPU
		{439D3B17-EF71-428E-9985-E28DDCD9F855}.Debug|Any CPU.Build.0 = Debug|Any CPU
		{439D3B17-EF71-428E-9985-E28DDCD9F855}.Release|Any CPU.ActiveCfg = Release|Any CPU
		{439D3B17-EF71-428E-9985-E28DDCD9F855}.Release|Any CPU.Build.0 = Release|Any CPU
		{958CC08F-5AC2-4C02-9946-9072EC7E9C1E}.Debug|Any CPU.ActiveCfg = Debug|Any CPU
		{958CC08F-5AC2-4C02-9946-9072EC7E9C1E}.Debug|Any CPU.Build.0 = Debug|Any CPU
		{958CC08F-5AC2-4C02-9946-9072EC7E9C1E}.Release|Any CPU.ActiveCfg = Release|Any CPU
		{958CC08F-5AC2-4C02-9946-9072EC7E9C1E}.Release|Any CPU.Build.0 = Release|Any CPU
		{04B3AD10-1AE7-4474-9753-DEF503B88321}.Debug|Any CPU.ActiveCfg = Debug|Any CPU
		{04B3AD10-1AE7-4474-9753-DEF503B88321}.Debug|Any CPU.Build.0 = Debug|Any CPU
		{04B3AD10-1AE7-4474-9753-DEF503B88321}.Release|Any CPU.ActiveCfg = Release|Any CPU
		{04B3AD10-1AE7-4474-9753-DEF503B88321}.Release|Any CPU.Build.0 = Release|Any CPU
		{28ADBDC8-82AD-4E37-BE97-53613E3354F9}.Debug|Any CPU.ActiveCfg = Debug|Any CPU
		{28ADBDC8-82AD-4E37-BE97-53613E3354F9}.Debug|Any CPU.Build.0 = Debug|Any CPU
		{28ADBDC8-82AD-4E37-BE97-53613E3354F9}.Release|Any CPU.ActiveCfg = Release|Any CPU
		{28ADBDC8-82AD-4E37-BE97-53613E3354F9}.Release|Any CPU.Build.0 = Release|Any CPU
		{B37F186A-6093-442A-9209-00AB94D0F02D}.Debug|Any CPU.ActiveCfg = Debug|Any CPU
		{B37F186A-6093-442A-9209-00AB94D0F02D}.Debug|Any CPU.Build.0 = Debug|Any CPU
		{B37F186A-6093-442A-9209-00AB94D0F02D}.Release|Any CPU.ActiveCfg = Release|Any CPU
		{B37F186A-6093-442A-9209-00AB94D0F02D}.Release|Any CPU.Build.0 = Release|Any CPU
		{69F9DBFE-AAFD-46E6-A852-9D529F3B69F3}.Debug|Any CPU.ActiveCfg = Debug|Any CPU
		{69F9DBFE-AAFD-46E6-A852-9D529F3B69F3}.Debug|Any CPU.Build.0 = Debug|Any CPU
		{69F9DBFE-AAFD-46E6-A852-9D529F3B69F3}.Release|Any CPU.ActiveCfg = Release|Any CPU
		{69F9DBFE-AAFD-46E6-A852-9D529F3B69F3}.Release|Any CPU.Build.0 = Release|Any CPU
		{DCF6B8CE-F74F-4C6E-A592-4DF57D0855A8}.Debug|Any CPU.ActiveCfg = Debug|Any CPU
		{DCF6B8CE-F74F-4C6E-A592-4DF57D0855A8}.Debug|Any CPU.Build.0 = Debug|Any CPU
		{DCF6B8CE-F74F-4C6E-A592-4DF57D0855A8}.Release|Any CPU.ActiveCfg = Release|Any CPU
		{DCF6B8CE-F74F-4C6E-A592-4DF57D0855A8}.Release|Any CPU.Build.0 = Release|Any CPU
		{993ACC80-DAE9-4F72-9E48-22C120CF97FE}.Debug|Any CPU.ActiveCfg = Debug|Any CPU
		{993ACC80-DAE9-4F72-9E48-22C120CF97FE}.Debug|Any CPU.Build.0 = Debug|Any CPU
		{993ACC80-DAE9-4F72-9E48-22C120CF97FE}.Release|Any CPU.ActiveCfg = Release|Any CPU
		{993ACC80-DAE9-4F72-9E48-22C120CF97FE}.Release|Any CPU.Build.0 = Release|Any CPU
		{7CB389E1-EFA4-4870-901C-F2C018D95E27}.Debug|Any CPU.ActiveCfg = Debug|Any CPU
		{7CB389E1-EFA4-4870-901C-F2C018D95E27}.Debug|Any CPU.Build.0 = Debug|Any CPU
		{7CB389E1-EFA4-4870-901C-F2C018D95E27}.Release|Any CPU.ActiveCfg = Release|Any CPU
		{7CB389E1-EFA4-4870-901C-F2C018D95E27}.Release|Any CPU.Build.0 = Release|Any CPU
		{110450F6-C8CE-4C47-BE42-02B8AC450A0C}.Debug|Any CPU.ActiveCfg = Debug|Any CPU
		{110450F6-C8CE-4C47-BE42-02B8AC450A0C}.Debug|Any CPU.Build.0 = Debug|Any CPU
		{110450F6-C8CE-4C47-BE42-02B8AC450A0C}.Release|Any CPU.ActiveCfg = Release|Any CPU
		{110450F6-C8CE-4C47-BE42-02B8AC450A0C}.Release|Any CPU.Build.0 = Release|Any CPU
		{AF0B0138-EE64-4281-BF2A-F13229182764}.Debug|Any CPU.ActiveCfg = Debug|Any CPU
		{AF0B0138-EE64-4281-BF2A-F13229182764}.Debug|Any CPU.Build.0 = Debug|Any CPU
		{AF0B0138-EE64-4281-BF2A-F13229182764}.Release|Any CPU.ActiveCfg = Release|Any CPU
		{AF0B0138-EE64-4281-BF2A-F13229182764}.Release|Any CPU.Build.0 = Release|Any CPU
		{1DD45E14-F41D-4195-975F-C3F8837695EB}.Debug|Any CPU.ActiveCfg = Debug|Any CPU
		{1DD45E14-F41D-4195-975F-C3F8837695EB}.Debug|Any CPU.Build.0 = Debug|Any CPU
		{1DD45E14-F41D-4195-975F-C3F8837695EB}.Release|Any CPU.ActiveCfg = Release|Any CPU
		{1DD45E14-F41D-4195-975F-C3F8837695EB}.Release|Any CPU.Build.0 = Release|Any CPU
		{2B8B0169-7535-4510-B1A6-A0AD55C94B5F}.Debug|Any CPU.ActiveCfg = Debug|Any CPU
		{2B8B0169-7535-4510-B1A6-A0AD55C94B5F}.Debug|Any CPU.Build.0 = Debug|Any CPU
		{2B8B0169-7535-4510-B1A6-A0AD55C94B5F}.Release|Any CPU.ActiveCfg = Release|Any CPU
		{2B8B0169-7535-4510-B1A6-A0AD55C94B5F}.Release|Any CPU.Build.0 = Release|Any CPU
		{6639F7DE-238F-4EDA-AEAB-F9230CF844D0}.Debug|Any CPU.ActiveCfg = Debug|Any CPU
		{6639F7DE-238F-4EDA-AEAB-F9230CF844D0}.Debug|Any CPU.Build.0 = Debug|Any CPU
		{6639F7DE-238F-4EDA-AEAB-F9230CF844D0}.Release|Any CPU.ActiveCfg = Release|Any CPU
		{6639F7DE-238F-4EDA-AEAB-F9230CF844D0}.Release|Any CPU.Build.0 = Release|Any CPU
		{D78E5C8E-6BD7-48AC-9B3E-34AB0EB9F94B}.Debug|Any CPU.ActiveCfg = Debug|Any CPU
		{D78E5C8E-6BD7-48AC-9B3E-34AB0EB9F94B}.Debug|Any CPU.Build.0 = Debug|Any CPU
		{D78E5C8E-6BD7-48AC-9B3E-34AB0EB9F94B}.Release|Any CPU.ActiveCfg = Release|Any CPU
		{D78E5C8E-6BD7-48AC-9B3E-34AB0EB9F94B}.Release|Any CPU.Build.0 = Release|Any CPU
		{4FFE51D5-BA90-4BC3-B494-2E593DDB4EF2}.Debug|Any CPU.ActiveCfg = Debug|Any CPU
		{4FFE51D5-BA90-4BC3-B494-2E593DDB4EF2}.Debug|Any CPU.Build.0 = Debug|Any CPU
		{4FFE51D5-BA90-4BC3-B494-2E593DDB4EF2}.Release|Any CPU.ActiveCfg = Release|Any CPU
		{4FFE51D5-BA90-4BC3-B494-2E593DDB4EF2}.Release|Any CPU.Build.0 = Release|Any CPU
		{5F8C579D-DB1A-486D-B21C-C4926D55ADBE}.Debug|Any CPU.ActiveCfg = Debug|Any CPU
		{5F8C579D-DB1A-486D-B21C-C4926D55ADBE}.Debug|Any CPU.Build.0 = Debug|Any CPU
		{5F8C579D-DB1A-486D-B21C-C4926D55ADBE}.Release|Any CPU.ActiveCfg = Release|Any CPU
		{5F8C579D-DB1A-486D-B21C-C4926D55ADBE}.Release|Any CPU.Build.0 = Release|Any CPU
		{2A8D4B14-BB4E-469C-B67E-D1DAADCCCDEB}.Debug|Any CPU.ActiveCfg = Debug|Any CPU
		{2A8D4B14-BB4E-469C-B67E-D1DAADCCCDEB}.Debug|Any CPU.Build.0 = Debug|Any CPU
		{2A8D4B14-BB4E-469C-B67E-D1DAADCCCDEB}.Release|Any CPU.ActiveCfg = Release|Any CPU
		{2A8D4B14-BB4E-469C-B67E-D1DAADCCCDEB}.Release|Any CPU.Build.0 = Release|Any CPU
		{A6422127-3F07-4DA8-94C9-C9D70D5253DC}.Debug|Any CPU.ActiveCfg = Debug|Any CPU
		{A6422127-3F07-4DA8-94C9-C9D70D5253DC}.Debug|Any CPU.Build.0 = Debug|Any CPU
		{A6422127-3F07-4DA8-94C9-C9D70D5253DC}.Release|Any CPU.ActiveCfg = Release|Any CPU
		{A6422127-3F07-4DA8-94C9-C9D70D5253DC}.Release|Any CPU.Build.0 = Release|Any CPU
		{41095B74-2AFB-46B9-9555-5A86CA0A6AAD}.Debug|Any CPU.ActiveCfg = Debug|Any CPU
		{41095B74-2AFB-46B9-9555-5A86CA0A6AAD}.Debug|Any CPU.Build.0 = Debug|Any CPU
		{41095B74-2AFB-46B9-9555-5A86CA0A6AAD}.Release|Any CPU.ActiveCfg = Release|Any CPU
		{41095B74-2AFB-46B9-9555-5A86CA0A6AAD}.Release|Any CPU.Build.0 = Release|Any CPU
		{56D5C1BB-CC6C-4C21-9F5E-CB97EAFD0CF3}.Debug|Any CPU.ActiveCfg = Debug|Any CPU
		{56D5C1BB-CC6C-4C21-9F5E-CB97EAFD0CF3}.Debug|Any CPU.Build.0 = Debug|Any CPU
		{56D5C1BB-CC6C-4C21-9F5E-CB97EAFD0CF3}.Release|Any CPU.ActiveCfg = Release|Any CPU
		{56D5C1BB-CC6C-4C21-9F5E-CB97EAFD0CF3}.Release|Any CPU.Build.0 = Release|Any CPU
		{18FD9DDA-CA69-48D1-9D33-CFDD9D256CCF}.Debug|Any CPU.ActiveCfg = Debug|Any CPU
		{18FD9DDA-CA69-48D1-9D33-CFDD9D256CCF}.Debug|Any CPU.Build.0 = Debug|Any CPU
		{18FD9DDA-CA69-48D1-9D33-CFDD9D256CCF}.Release|Any CPU.ActiveCfg = Release|Any CPU
		{18FD9DDA-CA69-48D1-9D33-CFDD9D256CCF}.Release|Any CPU.Build.0 = Release|Any CPU
		{5B074AC0-A164-4569-89A5-4A31E047C51B}.Debug|Any CPU.ActiveCfg = Debug|Any CPU
		{5B074AC0-A164-4569-89A5-4A31E047C51B}.Debug|Any CPU.Build.0 = Debug|Any CPU
		{5B074AC0-A164-4569-89A5-4A31E047C51B}.Release|Any CPU.ActiveCfg = Release|Any CPU
		{5B074AC0-A164-4569-89A5-4A31E047C51B}.Release|Any CPU.Build.0 = Release|Any CPU
		{0AE2BA44-9642-4C39-9492-373640301B59}.Debug|Any CPU.ActiveCfg = Debug|Any CPU
		{0AE2BA44-9642-4C39-9492-373640301B59}.Debug|Any CPU.Build.0 = Debug|Any CPU
		{0AE2BA44-9642-4C39-9492-373640301B59}.Release|Any CPU.ActiveCfg = Release|Any CPU
		{0AE2BA44-9642-4C39-9492-373640301B59}.Release|Any CPU.Build.0 = Release|Any CPU
		{8949F36F-2F16-4879-B68A-1584D8C68767}.Debug|Any CPU.ActiveCfg = Debug|Any CPU
		{8949F36F-2F16-4879-B68A-1584D8C68767}.Debug|Any CPU.Build.0 = Debug|Any CPU
		{8949F36F-2F16-4879-B68A-1584D8C68767}.Release|Any CPU.ActiveCfg = Release|Any CPU
		{8949F36F-2F16-4879-B68A-1584D8C68767}.Release|Any CPU.Build.0 = Release|Any CPU
		{AF61223C-F24B-403C-B258-869C6453E059}.Debug|Any CPU.ActiveCfg = Debug|Any CPU
		{AF61223C-F24B-403C-B258-869C6453E059}.Debug|Any CPU.Build.0 = Debug|Any CPU
		{AF61223C-F24B-403C-B258-869C6453E059}.Release|Any CPU.ActiveCfg = Release|Any CPU
		{AF61223C-F24B-403C-B258-869C6453E059}.Release|Any CPU.Build.0 = Release|Any CPU
		{DFE55240-757E-4C38-BD4D-94519BDC5E12}.Debug|Any CPU.ActiveCfg = Debug|Any CPU
		{DFE55240-757E-4C38-BD4D-94519BDC5E12}.Debug|Any CPU.Build.0 = Debug|Any CPU
		{DFE55240-757E-4C38-BD4D-94519BDC5E12}.Release|Any CPU.ActiveCfg = Release|Any CPU
		{DFE55240-757E-4C38-BD4D-94519BDC5E12}.Release|Any CPU.Build.0 = Release|Any CPU
		{5CB70FE2-900B-45C1-BB56-0CA2ADE1FBA1}.Debug|Any CPU.ActiveCfg = Debug|Any CPU
		{5CB70FE2-900B-45C1-BB56-0CA2ADE1FBA1}.Debug|Any CPU.Build.0 = Debug|Any CPU
		{5CB70FE2-900B-45C1-BB56-0CA2ADE1FBA1}.Release|Any CPU.ActiveCfg = Release|Any CPU
		{5CB70FE2-900B-45C1-BB56-0CA2ADE1FBA1}.Release|Any CPU.Build.0 = Release|Any CPU
		{AEED0A40-C541-42A2-8E58-24AD15D49C11}.Debug|Any CPU.ActiveCfg = Debug|Any CPU
		{AEED0A40-C541-42A2-8E58-24AD15D49C11}.Debug|Any CPU.Build.0 = Debug|Any CPU
		{AEED0A40-C541-42A2-8E58-24AD15D49C11}.Release|Any CPU.ActiveCfg = Release|Any CPU
		{AEED0A40-C541-42A2-8E58-24AD15D49C11}.Release|Any CPU.Build.0 = Release|Any CPU
		{287D84F9-E475-4CF5-B649-54394C47A6ED}.Debug|Any CPU.ActiveCfg = Debug|Any CPU
		{287D84F9-E475-4CF5-B649-54394C47A6ED}.Debug|Any CPU.Build.0 = Debug|Any CPU
		{287D84F9-E475-4CF5-B649-54394C47A6ED}.Release|Any CPU.ActiveCfg = Release|Any CPU
		{287D84F9-E475-4CF5-B649-54394C47A6ED}.Release|Any CPU.Build.0 = Release|Any CPU
		{131F7BF0-2BE5-472B-8B12-B2BD677A9156}.Debug|Any CPU.ActiveCfg = Debug|Any CPU
		{131F7BF0-2BE5-472B-8B12-B2BD677A9156}.Debug|Any CPU.Build.0 = Debug|Any CPU
		{131F7BF0-2BE5-472B-8B12-B2BD677A9156}.Release|Any CPU.ActiveCfg = Release|Any CPU
		{131F7BF0-2BE5-472B-8B12-B2BD677A9156}.Release|Any CPU.Build.0 = Release|Any CPU
		{BEBE7880-8D5E-451A-A8D0-24F7574B2474}.Debug|Any CPU.ActiveCfg = Debug|Any CPU
		{BEBE7880-8D5E-451A-A8D0-24F7574B2474}.Debug|Any CPU.Build.0 = Debug|Any CPU
		{BEBE7880-8D5E-451A-A8D0-24F7574B2474}.Release|Any CPU.ActiveCfg = Release|Any CPU
		{BEBE7880-8D5E-451A-A8D0-24F7574B2474}.Release|Any CPU.Build.0 = Release|Any CPU
		{B51EE51F-1B2F-409D-90B1-9B14557420A6}.Debug|Any CPU.ActiveCfg = Debug|Any CPU
		{B51EE51F-1B2F-409D-90B1-9B14557420A6}.Debug|Any CPU.Build.0 = Debug|Any CPU
		{B51EE51F-1B2F-409D-90B1-9B14557420A6}.Release|Any CPU.ActiveCfg = Release|Any CPU
		{B51EE51F-1B2F-409D-90B1-9B14557420A6}.Release|Any CPU.Build.0 = Release|Any CPU
		{A7720BBE-1137-4065-B8C1-78288C3A9FFC}.Debug|Any CPU.ActiveCfg = Debug|Any CPU
		{A7720BBE-1137-4065-B8C1-78288C3A9FFC}.Debug|Any CPU.Build.0 = Debug|Any CPU
		{A7720BBE-1137-4065-B8C1-78288C3A9FFC}.Release|Any CPU.ActiveCfg = Release|Any CPU
		{A7720BBE-1137-4065-B8C1-78288C3A9FFC}.Release|Any CPU.Build.0 = Release|Any CPU
		{AD1B8DDB-01FE-4FC9-AE82-30029DFFC592}.Debug|Any CPU.ActiveCfg = Debug|Any CPU
		{AD1B8DDB-01FE-4FC9-AE82-30029DFFC592}.Debug|Any CPU.Build.0 = Debug|Any CPU
		{AD1B8DDB-01FE-4FC9-AE82-30029DFFC592}.Release|Any CPU.ActiveCfg = Release|Any CPU
		{AD1B8DDB-01FE-4FC9-AE82-30029DFFC592}.Release|Any CPU.Build.0 = Release|Any CPU
		{AEA5C42C-CF34-45E8-BED9-B1E2837F3D36}.Debug|Any CPU.ActiveCfg = Debug|Any CPU
		{AEA5C42C-CF34-45E8-BED9-B1E2837F3D36}.Debug|Any CPU.Build.0 = Debug|Any CPU
		{AEA5C42C-CF34-45E8-BED9-B1E2837F3D36}.Release|Any CPU.ActiveCfg = Release|Any CPU
		{AEA5C42C-CF34-45E8-BED9-B1E2837F3D36}.Release|Any CPU.Build.0 = Release|Any CPU
		{D68B9310-27FD-42B9-BC4A-74C9E9FF6D02}.Debug|Any CPU.ActiveCfg = Debug|Any CPU
		{D68B9310-27FD-42B9-BC4A-74C9E9FF6D02}.Debug|Any CPU.Build.0 = Debug|Any CPU
		{D68B9310-27FD-42B9-BC4A-74C9E9FF6D02}.Release|Any CPU.ActiveCfg = Release|Any CPU
		{D68B9310-27FD-42B9-BC4A-74C9E9FF6D02}.Release|Any CPU.Build.0 = Release|Any CPU
		{4B3F9AF4-7AED-4A31-9755-EF44E69FB750}.Debug|Any CPU.ActiveCfg = Debug|Any CPU
		{4B3F9AF4-7AED-4A31-9755-EF44E69FB750}.Debug|Any CPU.Build.0 = Debug|Any CPU
		{4B3F9AF4-7AED-4A31-9755-EF44E69FB750}.Release|Any CPU.ActiveCfg = Release|Any CPU
		{4B3F9AF4-7AED-4A31-9755-EF44E69FB750}.Release|Any CPU.Build.0 = Release|Any CPU
		{329B134D-8C61-40BC-A339-4E86F3CC430E}.Debug|Any CPU.ActiveCfg = Debug|Any CPU
		{329B134D-8C61-40BC-A339-4E86F3CC430E}.Debug|Any CPU.Build.0 = Debug|Any CPU
		{329B134D-8C61-40BC-A339-4E86F3CC430E}.Release|Any CPU.ActiveCfg = Release|Any CPU
		{329B134D-8C61-40BC-A339-4E86F3CC430E}.Release|Any CPU.Build.0 = Release|Any CPU
		{6BF0176A-50CB-4FC7-8D96-42C0A72ED709}.Debug|Any CPU.ActiveCfg = Debug|Any CPU
		{6BF0176A-50CB-4FC7-8D96-42C0A72ED709}.Debug|Any CPU.Build.0 = Debug|Any CPU
		{6BF0176A-50CB-4FC7-8D96-42C0A72ED709}.Release|Any CPU.ActiveCfg = Release|Any CPU
		{6BF0176A-50CB-4FC7-8D96-42C0A72ED709}.Release|Any CPU.Build.0 = Release|Any CPU
		{440C3E2C-C60A-4918-8000-D29CDC22D151}.Debug|Any CPU.ActiveCfg = Debug|Any CPU
		{440C3E2C-C60A-4918-8000-D29CDC22D151}.Debug|Any CPU.Build.0 = Debug|Any CPU
		{440C3E2C-C60A-4918-8000-D29CDC22D151}.Release|Any CPU.ActiveCfg = Release|Any CPU
		{440C3E2C-C60A-4918-8000-D29CDC22D151}.Release|Any CPU.Build.0 = Release|Any CPU
		{437D9D74-EB4E-48BB-83E1-76C372CCDEFB}.Debug|Any CPU.ActiveCfg = Debug|Any CPU
		{437D9D74-EB4E-48BB-83E1-76C372CCDEFB}.Debug|Any CPU.Build.0 = Debug|Any CPU
		{437D9D74-EB4E-48BB-83E1-76C372CCDEFB}.Release|Any CPU.ActiveCfg = Release|Any CPU
		{437D9D74-EB4E-48BB-83E1-76C372CCDEFB}.Release|Any CPU.Build.0 = Release|Any CPU
		{97F0C827-0A4F-4F4A-81FB-7FF3DA225854}.Debug|Any CPU.ActiveCfg = Debug|Any CPU
		{97F0C827-0A4F-4F4A-81FB-7FF3DA225854}.Debug|Any CPU.Build.0 = Debug|Any CPU
		{97F0C827-0A4F-4F4A-81FB-7FF3DA225854}.Release|Any CPU.ActiveCfg = Release|Any CPU
		{97F0C827-0A4F-4F4A-81FB-7FF3DA225854}.Release|Any CPU.Build.0 = Release|Any CPU
		{F24A7A71-A080-4772-8370-AB3DB99EA09B}.Debug|Any CPU.ActiveCfg = Debug|Any CPU
		{F24A7A71-A080-4772-8370-AB3DB99EA09B}.Debug|Any CPU.Build.0 = Debug|Any CPU
		{F24A7A71-A080-4772-8370-AB3DB99EA09B}.Release|Any CPU.ActiveCfg = Release|Any CPU
		{F24A7A71-A080-4772-8370-AB3DB99EA09B}.Release|Any CPU.Build.0 = Release|Any CPU
		{D5D23441-A9C0-4C9F-A79D-4A3417E1510E}.Debug|Any CPU.ActiveCfg = Debug|Any CPU
		{D5D23441-A9C0-4C9F-A79D-4A3417E1510E}.Debug|Any CPU.Build.0 = Debug|Any CPU
		{D5D23441-A9C0-4C9F-A79D-4A3417E1510E}.Release|Any CPU.ActiveCfg = Release|Any CPU
		{D5D23441-A9C0-4C9F-A79D-4A3417E1510E}.Release|Any CPU.Build.0 = Release|Any CPU
		{0EB5EE16-809C-4C79-8E7A-2A4486035511}.Debug|Any CPU.ActiveCfg = Debug|Any CPU
		{0EB5EE16-809C-4C79-8E7A-2A4486035511}.Debug|Any CPU.Build.0 = Debug|Any CPU
		{0EB5EE16-809C-4C79-8E7A-2A4486035511}.Release|Any CPU.ActiveCfg = Release|Any CPU
		{0EB5EE16-809C-4C79-8E7A-2A4486035511}.Release|Any CPU.Build.0 = Release|Any CPU
		{51A1FB7A-BB5C-4964-AF44-DDCF0EB7AA04}.Debug|Any CPU.ActiveCfg = Debug|Any CPU
		{51A1FB7A-BB5C-4964-AF44-DDCF0EB7AA04}.Debug|Any CPU.Build.0 = Debug|Any CPU
		{51A1FB7A-BB5C-4964-AF44-DDCF0EB7AA04}.Release|Any CPU.ActiveCfg = Release|Any CPU
		{51A1FB7A-BB5C-4964-AF44-DDCF0EB7AA04}.Release|Any CPU.Build.0 = Release|Any CPU
		{FB107BA2-388E-405A-B8B8-6D2F32EA69B1}.Debug|Any CPU.ActiveCfg = Debug|Any CPU
		{FB107BA2-388E-405A-B8B8-6D2F32EA69B1}.Debug|Any CPU.Build.0 = Debug|Any CPU
		{FB107BA2-388E-405A-B8B8-6D2F32EA69B1}.Release|Any CPU.ActiveCfg = Release|Any CPU
		{FB107BA2-388E-405A-B8B8-6D2F32EA69B1}.Release|Any CPU.Build.0 = Release|Any CPU
		{D66FDB3A-7A9A-4545-9839-573305948DDB}.Debug|Any CPU.ActiveCfg = Debug|Any CPU
		{D66FDB3A-7A9A-4545-9839-573305948DDB}.Debug|Any CPU.Build.0 = Debug|Any CPU
		{D66FDB3A-7A9A-4545-9839-573305948DDB}.Release|Any CPU.ActiveCfg = Release|Any CPU
		{D66FDB3A-7A9A-4545-9839-573305948DDB}.Release|Any CPU.Build.0 = Release|Any CPU
		{3AC962D9-5F94-438E-A7CA-7913EFC66C6F}.Debug|Any CPU.ActiveCfg = Debug|Any CPU
		{3AC962D9-5F94-438E-A7CA-7913EFC66C6F}.Debug|Any CPU.Build.0 = Debug|Any CPU
		{3AC962D9-5F94-438E-A7CA-7913EFC66C6F}.Release|Any CPU.ActiveCfg = Release|Any CPU
		{3AC962D9-5F94-438E-A7CA-7913EFC66C6F}.Release|Any CPU.Build.0 = Release|Any CPU
		{838DB8A1-4B2B-4FCC-81A0-53E6FCF575EE}.Debug|Any CPU.ActiveCfg = Debug|Any CPU
		{838DB8A1-4B2B-4FCC-81A0-53E6FCF575EE}.Debug|Any CPU.Build.0 = Debug|Any CPU
		{838DB8A1-4B2B-4FCC-81A0-53E6FCF575EE}.Release|Any CPU.ActiveCfg = Release|Any CPU
		{838DB8A1-4B2B-4FCC-81A0-53E6FCF575EE}.Release|Any CPU.Build.0 = Release|Any CPU
		{5AF15E36-1C62-4444-AE5C-6B1E3DAB5637}.Debug|Any CPU.ActiveCfg = Debug|Any CPU
		{5AF15E36-1C62-4444-AE5C-6B1E3DAB5637}.Debug|Any CPU.Build.0 = Debug|Any CPU
		{5AF15E36-1C62-4444-AE5C-6B1E3DAB5637}.Release|Any CPU.ActiveCfg = Release|Any CPU
		{5AF15E36-1C62-4444-AE5C-6B1E3DAB5637}.Release|Any CPU.Build.0 = Release|Any CPU
		{104700A4-3456-4FA8-A63A-449186663A92}.Debug|Any CPU.ActiveCfg = Debug|Any CPU
		{104700A4-3456-4FA8-A63A-449186663A92}.Debug|Any CPU.Build.0 = Debug|Any CPU
		{104700A4-3456-4FA8-A63A-449186663A92}.Release|Any CPU.ActiveCfg = Release|Any CPU
		{104700A4-3456-4FA8-A63A-449186663A92}.Release|Any CPU.Build.0 = Release|Any CPU
	EndGlobalSection
	GlobalSection(SolutionProperties) = preSolution
		HideSolutionNode = FALSE
	EndGlobalSection
	GlobalSection(NestedProjects) = preSolution
		{36B50128-6C5A-4B3F-97DB-87809D9619AD} = {F6FD38F7-DB63-44B5-9C2B-3B975F4FA7CD}
		{2673182C-F1E6-4A8D-9BDD-4C7987E09871} = {F6FD38F7-DB63-44B5-9C2B-3B975F4FA7CD}
		{AA7088C0-F0EA-4AF1-BBA0-474067015073} = {F6FD38F7-DB63-44B5-9C2B-3B975F4FA7CD}
		{03B5A5A7-9EB7-48F4-A31F-972B22E84B43} = {F6FD38F7-DB63-44B5-9C2B-3B975F4FA7CD}
		{E7ED1D10-AF28-4DF4-B41D-7E09A0BFA3DF} = {F6FD38F7-DB63-44B5-9C2B-3B975F4FA7CD}
		{D3005F66-B369-4B1D-9FA6-2E9404911B54} = {F6FD38F7-DB63-44B5-9C2B-3B975F4FA7CD}
		{7C06D0E3-3496-49C8-8572-E98A88296721} = {F6FD38F7-DB63-44B5-9C2B-3B975F4FA7CD}
		{FA6CBCDA-66D6-4088-A78E-550AA0CE52D3} = {F6FD38F7-DB63-44B5-9C2B-3B975F4FA7CD}
		{439D3B17-EF71-428E-9985-E28DDCD9F855} = {F6FD38F7-DB63-44B5-9C2B-3B975F4FA7CD}
		{958CC08F-5AC2-4C02-9946-9072EC7E9C1E} = {F6FD38F7-DB63-44B5-9C2B-3B975F4FA7CD}
		{04B3AD10-1AE7-4474-9753-DEF503B88321} = {F6FD38F7-DB63-44B5-9C2B-3B975F4FA7CD}
		{28ADBDC8-82AD-4E37-BE97-53613E3354F9} = {F6FD38F7-DB63-44B5-9C2B-3B975F4FA7CD}
		{B37F186A-6093-442A-9209-00AB94D0F02D} = {F6FD38F7-DB63-44B5-9C2B-3B975F4FA7CD}
		{69F9DBFE-AAFD-46E6-A852-9D529F3B69F3} = {F6FD38F7-DB63-44B5-9C2B-3B975F4FA7CD}
		{DCF6B8CE-F74F-4C6E-A592-4DF57D0855A8} = {F6FD38F7-DB63-44B5-9C2B-3B975F4FA7CD}
		{993ACC80-DAE9-4F72-9E48-22C120CF97FE} = {F6FD38F7-DB63-44B5-9C2B-3B975F4FA7CD}
		{7CB389E1-EFA4-4870-901C-F2C018D95E27} = {F6FD38F7-DB63-44B5-9C2B-3B975F4FA7CD}
		{110450F6-C8CE-4C47-BE42-02B8AC450A0C} = {F6FD38F7-DB63-44B5-9C2B-3B975F4FA7CD}
		{AF0B0138-EE64-4281-BF2A-F13229182764} = {F6FD38F7-DB63-44B5-9C2B-3B975F4FA7CD}
		{1DD45E14-F41D-4195-975F-C3F8837695EB} = {F6FD38F7-DB63-44B5-9C2B-3B975F4FA7CD}
		{2B8B0169-7535-4510-B1A6-A0AD55C94B5F} = {F6FD38F7-DB63-44B5-9C2B-3B975F4FA7CD}
		{6639F7DE-238F-4EDA-AEAB-F9230CF844D0} = {F6FD38F7-DB63-44B5-9C2B-3B975F4FA7CD}
		{D78E5C8E-6BD7-48AC-9B3E-34AB0EB9F94B} = {F6FD38F7-DB63-44B5-9C2B-3B975F4FA7CD}
		{4FFE51D5-BA90-4BC3-B494-2E593DDB4EF2} = {F6FD38F7-DB63-44B5-9C2B-3B975F4FA7CD}
		{5F8C579D-DB1A-486D-B21C-C4926D55ADBE} = {F6FD38F7-DB63-44B5-9C2B-3B975F4FA7CD}
		{2A8D4B14-BB4E-469C-B67E-D1DAADCCCDEB} = {F6FD38F7-DB63-44B5-9C2B-3B975F4FA7CD}
		{A6422127-3F07-4DA8-94C9-C9D70D5253DC} = {88239A59-2A95-49A8-922A-337A6BBACA37}
		{41095B74-2AFB-46B9-9555-5A86CA0A6AAD} = {88239A59-2A95-49A8-922A-337A6BBACA37}
		{56D5C1BB-CC6C-4C21-9F5E-CB97EAFD0CF3} = {88239A59-2A95-49A8-922A-337A6BBACA37}
		{18FD9DDA-CA69-48D1-9D33-CFDD9D256CCF} = {88239A59-2A95-49A8-922A-337A6BBACA37}
		{5B074AC0-A164-4569-89A5-4A31E047C51B} = {88239A59-2A95-49A8-922A-337A6BBACA37}
		{0AE2BA44-9642-4C39-9492-373640301B59} = {88239A59-2A95-49A8-922A-337A6BBACA37}
		{8949F36F-2F16-4879-B68A-1584D8C68767} = {88239A59-2A95-49A8-922A-337A6BBACA37}
		{AF61223C-F24B-403C-B258-869C6453E059} = {88239A59-2A95-49A8-922A-337A6BBACA37}
		{DFE55240-757E-4C38-BD4D-94519BDC5E12} = {88239A59-2A95-49A8-922A-337A6BBACA37}
		{5CB70FE2-900B-45C1-BB56-0CA2ADE1FBA1} = {88239A59-2A95-49A8-922A-337A6BBACA37}
		{AEED0A40-C541-42A2-8E58-24AD15D49C11} = {88239A59-2A95-49A8-922A-337A6BBACA37}
		{287D84F9-E475-4CF5-B649-54394C47A6ED} = {88239A59-2A95-49A8-922A-337A6BBACA37}
		{131F7BF0-2BE5-472B-8B12-B2BD677A9156} = {88239A59-2A95-49A8-922A-337A6BBACA37}
		{BEBE7880-8D5E-451A-A8D0-24F7574B2474} = {88239A59-2A95-49A8-922A-337A6BBACA37}
		{B51EE51F-1B2F-409D-90B1-9B14557420A6} = {88239A59-2A95-49A8-922A-337A6BBACA37}
		{A7720BBE-1137-4065-B8C1-78288C3A9FFC} = {88239A59-2A95-49A8-922A-337A6BBACA37}
		{AD1B8DDB-01FE-4FC9-AE82-30029DFFC592} = {88239A59-2A95-49A8-922A-337A6BBACA37}
		{AEA5C42C-CF34-45E8-BED9-B1E2837F3D36} = {88239A59-2A95-49A8-922A-337A6BBACA37}
		{D68B9310-27FD-42B9-BC4A-74C9E9FF6D02} = {88239A59-2A95-49A8-922A-337A6BBACA37}
		{4B3F9AF4-7AED-4A31-9755-EF44E69FB750} = {88239A59-2A95-49A8-922A-337A6BBACA37}
		{329B134D-8C61-40BC-A339-4E86F3CC430E} = {88239A59-2A95-49A8-922A-337A6BBACA37}
		{6BF0176A-50CB-4FC7-8D96-42C0A72ED709} = {88239A59-2A95-49A8-922A-337A6BBACA37}
		{440C3E2C-C60A-4918-8000-D29CDC22D151} = {88239A59-2A95-49A8-922A-337A6BBACA37}
		{437D9D74-EB4E-48BB-83E1-76C372CCDEFB} = {88239A59-2A95-49A8-922A-337A6BBACA37}
		{97F0C827-0A4F-4F4A-81FB-7FF3DA225854} = {88239A59-2A95-49A8-922A-337A6BBACA37}
		{F24A7A71-A080-4772-8370-AB3DB99EA09B} = {88239A59-2A95-49A8-922A-337A6BBACA37}
		{D5D23441-A9C0-4C9F-A79D-4A3417E1510E} = {88239A59-2A95-49A8-922A-337A6BBACA37}
		{0EB5EE16-809C-4C79-8E7A-2A4486035511} = {88239A59-2A95-49A8-922A-337A6BBACA37}
		{51A1FB7A-BB5C-4964-AF44-DDCF0EB7AA04} = {88239A59-2A95-49A8-922A-337A6BBACA37}
		{FB107BA2-388E-405A-B8B8-6D2F32EA69B1} = {88239A59-2A95-49A8-922A-337A6BBACA37}
		{D66FDB3A-7A9A-4545-9839-573305948DDB} = {88239A59-2A95-49A8-922A-337A6BBACA37}
		{3AC962D9-5F94-438E-A7CA-7913EFC66C6F} = {88239A59-2A95-49A8-922A-337A6BBACA37}
		{838DB8A1-4B2B-4FCC-81A0-53E6FCF575EE} = {88239A59-2A95-49A8-922A-337A6BBACA37}
		{5AF15E36-1C62-4444-AE5C-6B1E3DAB5637} = {88239A59-2A95-49A8-922A-337A6BBACA37}
		{104700A4-3456-4FA8-A63A-449186663A92} = {88239A59-2A95-49A8-922A-337A6BBACA37}
	EndGlobalSection
	GlobalSection(ExtensibilityGlobals) = postSolution
		SolutionGuid = {3308F44F-5110-4F45-82A2-E3B7DBF55D5B}
	EndGlobalSection
EndGlobal
